// !$*UTF8*$!
{
	archiveVersion = 1;
	classes = {
	};
	objectVersion = 55;
	objects = {

/* Begin PBXBuildFile section */
		40944F97A91FEB31FABBC107 /* Pods_Aplicativo_Eventos___Desafio_Aplicativo_Eventos___DesafioUITests.framework in Frameworks */ = {isa = PBXBuildFile; fileRef = 76525046A0D29D6FAAE516DC /* Pods_Aplicativo_Eventos___Desafio_Aplicativo_Eventos___DesafioUITests.framework */; };
		66DC9696F2F87F884162C6AC /* Pods_Aplicativo_Eventos___Desafio.framework in Frameworks */ = {isa = PBXBuildFile; fileRef = A6EE63544492863A056681A3 /* Pods_Aplicativo_Eventos___Desafio.framework */; };
		EBBBF607280E15D800E73618 /* AppDelegate.swift in Sources */ = {isa = PBXBuildFile; fileRef = EBBBF606280E15D800E73618 /* AppDelegate.swift */; };
		EBBBF609280E15D800E73618 /* SceneDelegate.swift in Sources */ = {isa = PBXBuildFile; fileRef = EBBBF608280E15D800E73618 /* SceneDelegate.swift */; };
		EBBBF60B280E15D800E73618 /* ViewController.swift in Sources */ = {isa = PBXBuildFile; fileRef = EBBBF60A280E15D800E73618 /* ViewController.swift */; };
		EBBBF60E280E15D800E73618 /* Main.storyboard in Resources */ = {isa = PBXBuildFile; fileRef = EBBBF60C280E15D800E73618 /* Main.storyboard */; };
		EBBBF610280E15DC00E73618 /* Assets.xcassets in Resources */ = {isa = PBXBuildFile; fileRef = EBBBF60F280E15DC00E73618 /* Assets.xcassets */; };
		EBBBF613280E15DC00E73618 /* LaunchScreen.storyboard in Resources */ = {isa = PBXBuildFile; fileRef = EBBBF611280E15DC00E73618 /* LaunchScreen.storyboard */; };
		EBBBF61E280E15DD00E73618 /* Aplicativo_Eventos___DesafioTests.swift in Sources */ = {isa = PBXBuildFile; fileRef = EBBBF61D280E15DD00E73618 /* Aplicativo_Eventos___DesafioTests.swift */; };
		EBBBF628280E15DD00E73618 /* Aplicativo_Eventos___DesafioUITests.swift in Sources */ = {isa = PBXBuildFile; fileRef = EBBBF627280E15DD00E73618 /* Aplicativo_Eventos___DesafioUITests.swift */; };
		EBBBF62A280E15DD00E73618 /* Aplicativo_Eventos___DesafioUITestsLaunchTests.swift in Sources */ = {isa = PBXBuildFile; fileRef = EBBBF629280E15DD00E73618 /* Aplicativo_Eventos___DesafioUITestsLaunchTests.swift */; };
		EBBBF63D280E35CE00E73618 /* Enums.swift in Sources */ = {isa = PBXBuildFile; fileRef = EBBBF63C280E35CE00E73618 /* Enums.swift */; };
		EBBBF641280E3B2200E73618 /* TelaPrincipalEventosViewController.swift in Sources */ = {isa = PBXBuildFile; fileRef = EBBBF640280E3B2200E73618 /* TelaPrincipalEventosViewController.swift */; };
		EBBBF643280EE51F00E73618 /* Extensions.swift in Sources */ = {isa = PBXBuildFile; fileRef = EBBBF642280EE51F00E73618 /* Extensions.swift */; };
		EBBBF646280EEB3900E73618 /* CustomEventoTableViewCell.swift in Sources */ = {isa = PBXBuildFile; fileRef = EBBBF645280EEB3900E73618 /* CustomEventoTableViewCell.swift */; };
		EBBBF649280EF0F000E73618 /* TelaPrincipalEventosModel.swift in Sources */ = {isa = PBXBuildFile; fileRef = EBBBF648280EF0F000E73618 /* TelaPrincipalEventosModel.swift */; };
		EBBBF64B280EFDAF00E73618 /* TelaDetalheEventoViewController.swift in Sources */ = {isa = PBXBuildFile; fileRef = EBBBF64A280EFDAF00E73618 /* TelaDetalheEventoViewController.swift */; };
		EBBBF64D280F03D400E73618 /* TelaPrincipalEventosView.swift in Sources */ = {isa = PBXBuildFile; fileRef = EBBBF64C280F03D400E73618 /* TelaPrincipalEventosView.swift */; };
		EBBBF64F280F086F00E73618 /* TelaDetalheEventoView.swift in Sources */ = {isa = PBXBuildFile; fileRef = EBBBF64E280F086E00E73618 /* TelaDetalheEventoView.swift */; };
		F02B2C8FC65211615B3A4146 /* Pods_Aplicativo_Eventos___DesafioTests.framework in Frameworks */ = {isa = PBXBuildFile; fileRef = 8E42376761D131EB4930CCF0 /* Pods_Aplicativo_Eventos___DesafioTests.framework */; };
/* End PBXBuildFile section */

/* Begin PBXContainerItemProxy section */
		EBBBF61A280E15DD00E73618 /* PBXContainerItemProxy */ = {
			isa = PBXContainerItemProxy;
			containerPortal = EBBBF5FB280E15D800E73618 /* Project object */;
			proxyType = 1;
			remoteGlobalIDString = EBBBF602280E15D800E73618;
			remoteInfo = "Aplicativo Eventos - Desafio";
		};
		EBBBF624280E15DD00E73618 /* PBXContainerItemProxy */ = {
			isa = PBXContainerItemProxy;
			containerPortal = EBBBF5FB280E15D800E73618 /* Project object */;
			proxyType = 1;
			remoteGlobalIDString = EBBBF602280E15D800E73618;
			remoteInfo = "Aplicativo Eventos - Desafio";
		};
/* End PBXContainerItemProxy section */

/* Begin PBXFileReference section */
		01C3CC7098A217E8CA6C26B2 /* Pods-Aplicativo Eventos - Desafio.debug.xcconfig */ = {isa = PBXFileReference; includeInIndex = 1; lastKnownFileType = text.xcconfig; name = "Pods-Aplicativo Eventos - Desafio.debug.xcconfig"; path = "Target Support Files/Pods-Aplicativo Eventos - Desafio/Pods-Aplicativo Eventos - Desafio.debug.xcconfig"; sourceTree = "<group>"; };
		25CD608E5A8E374DFA818085 /* Pods-Aplicativo Eventos - DesafioTests.release.xcconfig */ = {isa = PBXFileReference; includeInIndex = 1; lastKnownFileType = text.xcconfig; name = "Pods-Aplicativo Eventos - DesafioTests.release.xcconfig"; path = "Target Support Files/Pods-Aplicativo Eventos - DesafioTests/Pods-Aplicativo Eventos - DesafioTests.release.xcconfig"; sourceTree = "<group>"; };
		2AB3454133C5194EB1BC27C1 /* Pods-Aplicativo Eventos - DesafioTests.debug.xcconfig */ = {isa = PBXFileReference; includeInIndex = 1; lastKnownFileType = text.xcconfig; name = "Pods-Aplicativo Eventos - DesafioTests.debug.xcconfig"; path = "Target Support Files/Pods-Aplicativo Eventos - DesafioTests/Pods-Aplicativo Eventos - DesafioTests.debug.xcconfig"; sourceTree = "<group>"; };
		76525046A0D29D6FAAE516DC /* Pods_Aplicativo_Eventos___Desafio_Aplicativo_Eventos___DesafioUITests.framework */ = {isa = PBXFileReference; explicitFileType = wrapper.framework; includeInIndex = 0; path = "Pods_Aplicativo_Eventos___Desafio_Aplicativo_Eventos___DesafioUITests.framework"; sourceTree = BUILT_PRODUCTS_DIR; };
		870455BFF9A9E3CD888C5369 /* Pods-Aplicativo Eventos - Desafio-Aplicativo Eventos - DesafioUITests.debug.xcconfig */ = {isa = PBXFileReference; includeInIndex = 1; lastKnownFileType = text.xcconfig; name = "Pods-Aplicativo Eventos - Desafio-Aplicativo Eventos - DesafioUITests.debug.xcconfig"; path = "Target Support Files/Pods-Aplicativo Eventos - Desafio-Aplicativo Eventos - DesafioUITests/Pods-Aplicativo Eventos - Desafio-Aplicativo Eventos - DesafioUITests.debug.xcconfig"; sourceTree = "<group>"; };
		8E42376761D131EB4930CCF0 /* Pods_Aplicativo_Eventos___DesafioTests.framework */ = {isa = PBXFileReference; explicitFileType = wrapper.framework; includeInIndex = 0; path = "Pods_Aplicativo_Eventos___DesafioTests.framework"; sourceTree = BUILT_PRODUCTS_DIR; };
		9B1569EDC33E92A7B97925DC /* Pods-Aplicativo Eventos - Desafio-Aplicativo Eventos - DesafioUITests.release.xcconfig */ = {isa = PBXFileReference; includeInIndex = 1; lastKnownFileType = text.xcconfig; name = "Pods-Aplicativo Eventos - Desafio-Aplicativo Eventos - DesafioUITests.release.xcconfig"; path = "Target Support Files/Pods-Aplicativo Eventos - Desafio-Aplicativo Eventos - DesafioUITests/Pods-Aplicativo Eventos - Desafio-Aplicativo Eventos - DesafioUITests.release.xcconfig"; sourceTree = "<group>"; };
		A6EE63544492863A056681A3 /* Pods_Aplicativo_Eventos___Desafio.framework */ = {isa = PBXFileReference; explicitFileType = wrapper.framework; includeInIndex = 0; path = "Pods_Aplicativo_Eventos___Desafio.framework"; sourceTree = BUILT_PRODUCTS_DIR; };
		CF13F886D809C39CD60C4CEB /* Pods-Aplicativo Eventos - Desafio.release.xcconfig */ = {isa = PBXFileReference; includeInIndex = 1; lastKnownFileType = text.xcconfig; name = "Pods-Aplicativo Eventos - Desafio.release.xcconfig"; path = "Target Support Files/Pods-Aplicativo Eventos - Desafio/Pods-Aplicativo Eventos - Desafio.release.xcconfig"; sourceTree = "<group>"; };
		EBBBF603280E15D800E73618 /* Aplicativo Eventos - Desafio.app */ = {isa = PBXFileReference; explicitFileType = wrapper.application; includeInIndex = 0; path = "Aplicativo Eventos - Desafio.app"; sourceTree = BUILT_PRODUCTS_DIR; };
		EBBBF606280E15D800E73618 /* AppDelegate.swift */ = {isa = PBXFileReference; lastKnownFileType = sourcecode.swift; path = AppDelegate.swift; sourceTree = "<group>"; };
		EBBBF608280E15D800E73618 /* SceneDelegate.swift */ = {isa = PBXFileReference; lastKnownFileType = sourcecode.swift; path = SceneDelegate.swift; sourceTree = "<group>"; };
		EBBBF60A280E15D800E73618 /* ViewController.swift */ = {isa = PBXFileReference; lastKnownFileType = sourcecode.swift; path = ViewController.swift; sourceTree = "<group>"; };
		EBBBF60D280E15D800E73618 /* Base */ = {isa = PBXFileReference; lastKnownFileType = file.storyboard; name = Base; path = Base.lproj/Main.storyboard; sourceTree = "<group>"; };
		EBBBF60F280E15DC00E73618 /* Assets.xcassets */ = {isa = PBXFileReference; lastKnownFileType = folder.assetcatalog; path = Assets.xcassets; sourceTree = "<group>"; };
		EBBBF612280E15DC00E73618 /* Base */ = {isa = PBXFileReference; lastKnownFileType = file.storyboard; name = Base; path = Base.lproj/LaunchScreen.storyboard; sourceTree = "<group>"; };
		EBBBF614280E15DC00E73618 /* Info.plist */ = {isa = PBXFileReference; lastKnownFileType = text.plist.xml; path = Info.plist; sourceTree = "<group>"; };
		EBBBF619280E15DD00E73618 /* Aplicativo Eventos - DesafioTests.xctest */ = {isa = PBXFileReference; explicitFileType = wrapper.cfbundle; includeInIndex = 0; path = "Aplicativo Eventos - DesafioTests.xctest"; sourceTree = BUILT_PRODUCTS_DIR; };
		EBBBF61D280E15DD00E73618 /* Aplicativo_Eventos___DesafioTests.swift */ = {isa = PBXFileReference; lastKnownFileType = sourcecode.swift; path = "Aplicativo_Eventos___DesafioTests.swift"; sourceTree = "<group>"; };
		EBBBF623280E15DD00E73618 /* Aplicativo Eventos - DesafioUITests.xctest */ = {isa = PBXFileReference; explicitFileType = wrapper.cfbundle; includeInIndex = 0; path = "Aplicativo Eventos - DesafioUITests.xctest"; sourceTree = BUILT_PRODUCTS_DIR; };
		EBBBF627280E15DD00E73618 /* Aplicativo_Eventos___DesafioUITests.swift */ = {isa = PBXFileReference; lastKnownFileType = sourcecode.swift; path = "Aplicativo_Eventos___DesafioUITests.swift"; sourceTree = "<group>"; };
		EBBBF629280E15DD00E73618 /* Aplicativo_Eventos___DesafioUITestsLaunchTests.swift */ = {isa = PBXFileReference; lastKnownFileType = sourcecode.swift; path = "Aplicativo_Eventos___DesafioUITestsLaunchTests.swift"; sourceTree = "<group>"; };
		EBBBF63C280E35CE00E73618 /* Enums.swift */ = {isa = PBXFileReference; lastKnownFileType = sourcecode.swift; path = Enums.swift; sourceTree = "<group>"; };
		EBBBF640280E3B2200E73618 /* TelaPrincipalEventosViewController.swift */ = {isa = PBXFileReference; lastKnownFileType = sourcecode.swift; path = TelaPrincipalEventosViewController.swift; sourceTree = "<group>"; };
		EBBBF642280EE51F00E73618 /* Extensions.swift */ = {isa = PBXFileReference; lastKnownFileType = sourcecode.swift; path = Extensions.swift; sourceTree = "<group>"; };
		EBBBF645280EEB3900E73618 /* CustomEventoTableViewCell.swift */ = {isa = PBXFileReference; lastKnownFileType = sourcecode.swift; path = CustomEventoTableViewCell.swift; sourceTree = "<group>"; };
		EBBBF648280EF0F000E73618 /* TelaPrincipalEventosModel.swift */ = {isa = PBXFileReference; lastKnownFileType = sourcecode.swift; path = TelaPrincipalEventosModel.swift; sourceTree = "<group>"; };
		EBBBF64A280EFDAF00E73618 /* TelaDetalheEventoViewController.swift */ = {isa = PBXFileReference; lastKnownFileType = sourcecode.swift; path = TelaDetalheEventoViewController.swift; sourceTree = "<group>"; };
		EBBBF64C280F03D400E73618 /* TelaPrincipalEventosView.swift */ = {isa = PBXFileReference; lastKnownFileType = sourcecode.swift; path = TelaPrincipalEventosView.swift; sourceTree = "<group>"; };
		EBBBF64E280F086E00E73618 /* TelaDetalheEventoView.swift */ = {isa = PBXFileReference; lastKnownFileType = sourcecode.swift; path = TelaDetalheEventoView.swift; sourceTree = "<group>"; };
/* End PBXFileReference section */

/* Begin PBXFrameworksBuildPhase section */
		EBBBF600280E15D800E73618 /* Frameworks */ = {
			isa = PBXFrameworksBuildPhase;
			buildActionMask = 2147483647;
			files = (
				66DC9696F2F87F884162C6AC /* Pods_Aplicativo_Eventos___Desafio.framework in Frameworks */,
			);
			runOnlyForDeploymentPostprocessing = 0;
		};
		EBBBF616280E15DD00E73618 /* Frameworks */ = {
			isa = PBXFrameworksBuildPhase;
			buildActionMask = 2147483647;
			files = (
				F02B2C8FC65211615B3A4146 /* Pods_Aplicativo_Eventos___DesafioTests.framework in Frameworks */,
			);
			runOnlyForDeploymentPostprocessing = 0;
		};
		EBBBF620280E15DD00E73618 /* Frameworks */ = {
			isa = PBXFrameworksBuildPhase;
			buildActionMask = 2147483647;
			files = (
				40944F97A91FEB31FABBC107 /* Pods_Aplicativo_Eventos___Desafio_Aplicativo_Eventos___DesafioUITests.framework in Frameworks */,
			);
			runOnlyForDeploymentPostprocessing = 0;
		};
/* End PBXFrameworksBuildPhase section */

/* Begin PBXGroup section */
		3BD03CF4E4082C36BAA11588 /* Pods */ = {
			isa = PBXGroup;
			children = (
				01C3CC7098A217E8CA6C26B2 /* Pods-Aplicativo Eventos - Desafio.debug.xcconfig */,
				CF13F886D809C39CD60C4CEB /* Pods-Aplicativo Eventos - Desafio.release.xcconfig */,
				870455BFF9A9E3CD888C5369 /* Pods-Aplicativo Eventos - Desafio-Aplicativo Eventos - DesafioUITests.debug.xcconfig */,
				9B1569EDC33E92A7B97925DC /* Pods-Aplicativo Eventos - Desafio-Aplicativo Eventos - DesafioUITests.release.xcconfig */,
				2AB3454133C5194EB1BC27C1 /* Pods-Aplicativo Eventos - DesafioTests.debug.xcconfig */,
				25CD608E5A8E374DFA818085 /* Pods-Aplicativo Eventos - DesafioTests.release.xcconfig */,
			);
			path = Pods;
			sourceTree = "<group>";
		};
		83A22319DC9C0FB22004AB54 /* Frameworks */ = {
			isa = PBXGroup;
			children = (
				A6EE63544492863A056681A3 /* Pods_Aplicativo_Eventos___Desafio.framework */,
				76525046A0D29D6FAAE516DC /* Pods_Aplicativo_Eventos___Desafio_Aplicativo_Eventos___DesafioUITests.framework */,
				8E42376761D131EB4930CCF0 /* Pods_Aplicativo_Eventos___DesafioTests.framework */,
			);
			name = Frameworks;
			sourceTree = "<group>";
		};
		EBBBF5FA280E15D800E73618 = {
			isa = PBXGroup;
			children = (
				EBBBF605280E15D800E73618 /* Aplicativo Eventos - Desafio */,
				EBBBF61C280E15DD00E73618 /* Aplicativo Eventos - DesafioTests */,
				EBBBF626280E15DD00E73618 /* Aplicativo Eventos - DesafioUITests */,
				EBBBF604280E15D800E73618 /* Products */,
				3BD03CF4E4082C36BAA11588 /* Pods */,
				83A22319DC9C0FB22004AB54 /* Frameworks */,
			);
			sourceTree = "<group>";
		};
		EBBBF604280E15D800E73618 /* Products */ = {
			isa = PBXGroup;
			children = (
				EBBBF603280E15D800E73618 /* Aplicativo Eventos - Desafio.app */,
				EBBBF619280E15DD00E73618 /* Aplicativo Eventos - DesafioTests.xctest */,
				EBBBF623280E15DD00E73618 /* Aplicativo Eventos - DesafioUITests.xctest */,
			);
			name = Products;
			sourceTree = "<group>";
		};
		EBBBF605280E15D800E73618 /* Aplicativo Eventos - Desafio */ = {
			isa = PBXGroup;
			children = (
				EBBBF647280EF0C000E73618 /* Model */,
				EBBBF63B280E358A00E73618 /* Util */,
				EBBBF63A280E358400E73618 /* Presenter */,
				EBBBF639280E357E00E73618 /* Service */,
				EBBBF638280E357800E73618 /* Controller */,
				EBBBF636280E356500E73618 /* View */,
				EBBBF606280E15D800E73618 /* AppDelegate.swift */,
				EBBBF608280E15D800E73618 /* SceneDelegate.swift */,
				EBBBF60A280E15D800E73618 /* ViewController.swift */,
				EBBBF60C280E15D800E73618 /* Main.storyboard */,
				EBBBF60F280E15DC00E73618 /* Assets.xcassets */,
				EBBBF611280E15DC00E73618 /* LaunchScreen.storyboard */,
				EBBBF614280E15DC00E73618 /* Info.plist */,
			);
			path = "Aplicativo Eventos - Desafio";
			sourceTree = "<group>";
		};
		EBBBF61C280E15DD00E73618 /* Aplicativo Eventos - DesafioTests */ = {
			isa = PBXGroup;
			children = (
				EBBBF61D280E15DD00E73618 /* Aplicativo_Eventos___DesafioTests.swift */,
			);
			path = "Aplicativo Eventos - DesafioTests";
			sourceTree = "<group>";
		};
		EBBBF626280E15DD00E73618 /* Aplicativo Eventos - DesafioUITests */ = {
			isa = PBXGroup;
			children = (
				EBBBF627280E15DD00E73618 /* Aplicativo_Eventos___DesafioUITests.swift */,
				EBBBF629280E15DD00E73618 /* Aplicativo_Eventos___DesafioUITestsLaunchTests.swift */,
			);
			path = "Aplicativo Eventos - DesafioUITests";
			sourceTree = "<group>";
		};
		EBBBF636280E356500E73618 /* View */ = {
			isa = PBXGroup;
			children = (
				EBBBF644280EEB1400E73618 /* Cell */,
				EBBBF64C280F03D400E73618 /* TelaPrincipalEventosView.swift */,
				EBBBF64E280F086E00E73618 /* TelaDetalheEventoView.swift */,
			);
			path = View;
			sourceTree = "<group>";
		};
		EBBBF638280E357800E73618 /* Controller */ = {
			isa = PBXGroup;
			children = (
				EBBBF640280E3B2200E73618 /* TelaPrincipalEventosViewController.swift */,
				EBBBF64A280EFDAF00E73618 /* TelaDetalheEventoViewController.swift */,
			);
			path = Controller;
			sourceTree = "<group>";
		};
		EBBBF639280E357E00E73618 /* Service */ = {
			isa = PBXGroup;
			children = (
			);
			path = Service;
			sourceTree = "<group>";
		};
		EBBBF63A280E358400E73618 /* Presenter */ = {
			isa = PBXGroup;
			children = (
			);
			path = Presenter;
			sourceTree = "<group>";
		};
		EBBBF63B280E358A00E73618 /* Util */ = {
			isa = PBXGroup;
			children = (
				EBBBF63C280E35CE00E73618 /* Enums.swift */,
				EBBBF642280EE51F00E73618 /* Extensions.swift */,
			);
			path = Util;
			sourceTree = "<group>";
		};
		EBBBF644280EEB1400E73618 /* Cell */ = {
			isa = PBXGroup;
			children = (
				EBBBF645280EEB3900E73618 /* CustomEventoTableViewCell.swift */,
			);
			path = Cell;
			sourceTree = "<group>";
		};
		EBBBF647280EF0C000E73618 /* Model */ = {
			isa = PBXGroup;
			children = (
				EBBBF648280EF0F000E73618 /* TelaPrincipalEventosModel.swift */,
			);
			path = Model;
			sourceTree = "<group>";
		};
/* End PBXGroup section */

/* Begin PBXNativeTarget section */
		EBBBF602280E15D800E73618 /* Aplicativo Eventos - Desafio */ = {
			isa = PBXNativeTarget;
			buildConfigurationList = EBBBF62D280E15DD00E73618 /* Build configuration list for PBXNativeTarget "Aplicativo Eventos - Desafio" */;
			buildPhases = (
				A831619291C2AFAAB1973865 /* [CP] Check Pods Manifest.lock */,
				EBBBF5FF280E15D800E73618 /* Sources */,
				EBBBF600280E15D800E73618 /* Frameworks */,
				EBBBF601280E15D800E73618 /* Resources */,
				C4E83F40988AE32FBAB33DD5 /* [CP] Embed Pods Frameworks */,
			);
			buildRules = (
			);
			dependencies = (
			);
			name = "Aplicativo Eventos - Desafio";
			productName = "Aplicativo Eventos - Desafio";
			productReference = EBBBF603280E15D800E73618 /* Aplicativo Eventos - Desafio.app */;
			productType = "com.apple.product-type.application";
		};
		EBBBF618280E15DD00E73618 /* Aplicativo Eventos - DesafioTests */ = {
			isa = PBXNativeTarget;
			buildConfigurationList = EBBBF630280E15DD00E73618 /* Build configuration list for PBXNativeTarget "Aplicativo Eventos - DesafioTests" */;
			buildPhases = (
				89C7FD82C24BB52BD516D016 /* [CP] Check Pods Manifest.lock */,
				EBBBF615280E15DD00E73618 /* Sources */,
				EBBBF616280E15DD00E73618 /* Frameworks */,
				EBBBF617280E15DD00E73618 /* Resources */,
			);
			buildRules = (
			);
			dependencies = (
				EBBBF61B280E15DD00E73618 /* PBXTargetDependency */,
			);
			name = "Aplicativo Eventos - DesafioTests";
			productName = "Aplicativo Eventos - DesafioTests";
			productReference = EBBBF619280E15DD00E73618 /* Aplicativo Eventos - DesafioTests.xctest */;
			productType = "com.apple.product-type.bundle.unit-test";
		};
		EBBBF622280E15DD00E73618 /* Aplicativo Eventos - DesafioUITests */ = {
			isa = PBXNativeTarget;
			buildConfigurationList = EBBBF633280E15DD00E73618 /* Build configuration list for PBXNativeTarget "Aplicativo Eventos - DesafioUITests" */;
			buildPhases = (
				D23218B801F6142FE88D8A23 /* [CP] Check Pods Manifest.lock */,
				EBBBF61F280E15DD00E73618 /* Sources */,
				EBBBF620280E15DD00E73618 /* Frameworks */,
				EBBBF621280E15DD00E73618 /* Resources */,
				8D5DB5C946DB5CF5C0E4F3B3 /* [CP] Embed Pods Frameworks */,
			);
			buildRules = (
			);
			dependencies = (
				EBBBF625280E15DD00E73618 /* PBXTargetDependency */,
			);
			name = "Aplicativo Eventos - DesafioUITests";
			productName = "Aplicativo Eventos - DesafioUITests";
			productReference = EBBBF623280E15DD00E73618 /* Aplicativo Eventos - DesafioUITests.xctest */;
			productType = "com.apple.product-type.bundle.ui-testing";
		};
/* End PBXNativeTarget section */

/* Begin PBXProject section */
		EBBBF5FB280E15D800E73618 /* Project object */ = {
			isa = PBXProject;
			attributes = {
				BuildIndependentTargetsInParallel = 1;
				LastSwiftUpdateCheck = 1330;
				LastUpgradeCheck = 1330;
				TargetAttributes = {
					EBBBF602280E15D800E73618 = {
						CreatedOnToolsVersion = 13.3;
					};
					EBBBF618280E15DD00E73618 = {
						CreatedOnToolsVersion = 13.3;
						TestTargetID = EBBBF602280E15D800E73618;
					};
					EBBBF622280E15DD00E73618 = {
						CreatedOnToolsVersion = 13.3;
						TestTargetID = EBBBF602280E15D800E73618;
					};
				};
			};
			buildConfigurationList = EBBBF5FE280E15D800E73618 /* Build configuration list for PBXProject "Aplicativo Eventos - Desafio" */;
			compatibilityVersion = "Xcode 13.0";
			developmentRegion = en;
			hasScannedForEncodings = 0;
			knownRegions = (
				en,
				Base,
			);
			mainGroup = EBBBF5FA280E15D800E73618;
			productRefGroup = EBBBF604280E15D800E73618 /* Products */;
			projectDirPath = "";
			projectRoot = "";
			targets = (
				EBBBF602280E15D800E73618 /* Aplicativo Eventos - Desafio */,
				EBBBF618280E15DD00E73618 /* Aplicativo Eventos - DesafioTests */,
				EBBBF622280E15DD00E73618 /* Aplicativo Eventos - DesafioUITests */,
			);
		};
/* End PBXProject section */

/* Begin PBXResourcesBuildPhase section */
		EBBBF601280E15D800E73618 /* Resources */ = {
			isa = PBXResourcesBuildPhase;
			buildActionMask = 2147483647;
			files = (
				EBBBF613280E15DC00E73618 /* LaunchScreen.storyboard in Resources */,
				EBBBF610280E15DC00E73618 /* Assets.xcassets in Resources */,
				EBBBF60E280E15D800E73618 /* Main.storyboard in Resources */,
			);
			runOnlyForDeploymentPostprocessing = 0;
		};
		EBBBF617280E15DD00E73618 /* Resources */ = {
			isa = PBXResourcesBuildPhase;
			buildActionMask = 2147483647;
			files = (
			);
			runOnlyForDeploymentPostprocessing = 0;
		};
		EBBBF621280E15DD00E73618 /* Resources */ = {
			isa = PBXResourcesBuildPhase;
			buildActionMask = 2147483647;
			files = (
			);
			runOnlyForDeploymentPostprocessing = 0;
		};
/* End PBXResourcesBuildPhase section */

/* Begin PBXShellScriptBuildPhase section */
		89C7FD82C24BB52BD516D016 /* [CP] Check Pods Manifest.lock */ = {
			isa = PBXShellScriptBuildPhase;
			buildActionMask = 2147483647;
			files = (
			);
			inputFileListPaths = (
			);
			inputPaths = (
				"${PODS_PODFILE_DIR_PATH}/Podfile.lock",
				"${PODS_ROOT}/Manifest.lock",
			);
			name = "[CP] Check Pods Manifest.lock";
			outputFileListPaths = (
			);
			outputPaths = (
				"$(DERIVED_FILE_DIR)/Pods-Aplicativo Eventos - DesafioTests-checkManifestLockResult.txt",
			);
			runOnlyForDeploymentPostprocessing = 0;
			shellPath = /bin/sh;
			shellScript = "diff \"${PODS_PODFILE_DIR_PATH}/Podfile.lock\" \"${PODS_ROOT}/Manifest.lock\" > /dev/null\nif [ $? != 0 ] ; then\n    # print error to STDERR\n    echo \"error: The sandbox is not in sync with the Podfile.lock. Run 'pod install' or update your CocoaPods installation.\" >&2\n    exit 1\nfi\n# This output is used by Xcode 'outputs' to avoid re-running this script phase.\necho \"SUCCESS\" > \"${SCRIPT_OUTPUT_FILE_0}\"\n";
			showEnvVarsInLog = 0;
		};
		8D5DB5C946DB5CF5C0E4F3B3 /* [CP] Embed Pods Frameworks */ = {
			isa = PBXShellScriptBuildPhase;
			buildActionMask = 2147483647;
			files = (
			);
			inputFileListPaths = (
				"${PODS_ROOT}/Target Support Files/Pods-Aplicativo Eventos - Desafio-Aplicativo Eventos - DesafioUITests/Pods-Aplicativo Eventos - Desafio-Aplicativo Eventos - DesafioUITests-frameworks-${CONFIGURATION}-input-files.xcfilelist",
			);
			name = "[CP] Embed Pods Frameworks";
			outputFileListPaths = (
				"${PODS_ROOT}/Target Support Files/Pods-Aplicativo Eventos - Desafio-Aplicativo Eventos - DesafioUITests/Pods-Aplicativo Eventos - Desafio-Aplicativo Eventos - DesafioUITests-frameworks-${CONFIGURATION}-output-files.xcfilelist",
			);
			runOnlyForDeploymentPostprocessing = 0;
			shellPath = /bin/sh;
			shellScript = "\"${PODS_ROOT}/Target Support Files/Pods-Aplicativo Eventos - Desafio-Aplicativo Eventos - DesafioUITests/Pods-Aplicativo Eventos - Desafio-Aplicativo Eventos - DesafioUITests-frameworks.sh\"\n";
			showEnvVarsInLog = 0;
		};
		A831619291C2AFAAB1973865 /* [CP] Check Pods Manifest.lock */ = {
			isa = PBXShellScriptBuildPhase;
			buildActionMask = 2147483647;
			files = (
			);
			inputFileListPaths = (
			);
			inputPaths = (
				"${PODS_PODFILE_DIR_PATH}/Podfile.lock",
				"${PODS_ROOT}/Manifest.lock",
			);
			name = "[CP] Check Pods Manifest.lock";
			outputFileListPaths = (
			);
			outputPaths = (
				"$(DERIVED_FILE_DIR)/Pods-Aplicativo Eventos - Desafio-checkManifestLockResult.txt",
			);
			runOnlyForDeploymentPostprocessing = 0;
			shellPath = /bin/sh;
			shellScript = "diff \"${PODS_PODFILE_DIR_PATH}/Podfile.lock\" \"${PODS_ROOT}/Manifest.lock\" > /dev/null\nif [ $? != 0 ] ; then\n    # print error to STDERR\n    echo \"error: The sandbox is not in sync with the Podfile.lock. Run 'pod install' or update your CocoaPods installation.\" >&2\n    exit 1\nfi\n# This output is used by Xcode 'outputs' to avoid re-running this script phase.\necho \"SUCCESS\" > \"${SCRIPT_OUTPUT_FILE_0}\"\n";
			showEnvVarsInLog = 0;
		};
		C4E83F40988AE32FBAB33DD5 /* [CP] Embed Pods Frameworks */ = {
			isa = PBXShellScriptBuildPhase;
			buildActionMask = 2147483647;
			files = (
			);
			inputFileListPaths = (
				"${PODS_ROOT}/Target Support Files/Pods-Aplicativo Eventos - Desafio/Pods-Aplicativo Eventos - Desafio-frameworks-${CONFIGURATION}-input-files.xcfilelist",
			);
			name = "[CP] Embed Pods Frameworks";
			outputFileListPaths = (
				"${PODS_ROOT}/Target Support Files/Pods-Aplicativo Eventos - Desafio/Pods-Aplicativo Eventos - Desafio-frameworks-${CONFIGURATION}-output-files.xcfilelist",
			);
			runOnlyForDeploymentPostprocessing = 0;
			shellPath = /bin/sh;
			shellScript = "\"${PODS_ROOT}/Target Support Files/Pods-Aplicativo Eventos - Desafio/Pods-Aplicativo Eventos - Desafio-frameworks.sh\"\n";
			showEnvVarsInLog = 0;
		};
		D23218B801F6142FE88D8A23 /* [CP] Check Pods Manifest.lock */ = {
			isa = PBXShellScriptBuildPhase;
			buildActionMask = 2147483647;
			files = (
			);
			inputFileListPaths = (
			);
			inputPaths = (
				"${PODS_PODFILE_DIR_PATH}/Podfile.lock",
				"${PODS_ROOT}/Manifest.lock",
			);
			name = "[CP] Check Pods Manifest.lock";
			outputFileListPaths = (
			);
			outputPaths = (
				"$(DERIVED_FILE_DIR)/Pods-Aplicativo Eventos - Desafio-Aplicativo Eventos - DesafioUITests-checkManifestLockResult.txt",
			);
			runOnlyForDeploymentPostprocessing = 0;
			shellPath = /bin/sh;
			shellScript = "diff \"${PODS_PODFILE_DIR_PATH}/Podfile.lock\" \"${PODS_ROOT}/Manifest.lock\" > /dev/null\nif [ $? != 0 ] ; then\n    # print error to STDERR\n    echo \"error: The sandbox is not in sync with the Podfile.lock. Run 'pod install' or update your CocoaPods installation.\" >&2\n    exit 1\nfi\n# This output is used by Xcode 'outputs' to avoid re-running this script phase.\necho \"SUCCESS\" > \"${SCRIPT_OUTPUT_FILE_0}\"\n";
			showEnvVarsInLog = 0;
		};
/* End PBXShellScriptBuildPhase section */

/* Begin PBXSourcesBuildPhase section */
		EBBBF5FF280E15D800E73618 /* Sources */ = {
			isa = PBXSourcesBuildPhase;
			buildActionMask = 2147483647;
			files = (
				EBBBF641280E3B2200E73618 /* TelaPrincipalEventosViewController.swift in Sources */,
				EBBBF64B280EFDAF00E73618 /* TelaDetalheEventoViewController.swift in Sources */,
				EBBBF646280EEB3900E73618 /* CustomEventoTableViewCell.swift in Sources */,
				EBBBF64F280F086F00E73618 /* TelaDetalheEventoView.swift in Sources */,
				EBBBF60B280E15D800E73618 /* ViewController.swift in Sources */,
				EBBBF64D280F03D400E73618 /* TelaPrincipalEventosView.swift in Sources */,
				EBBBF607280E15D800E73618 /* AppDelegate.swift in Sources */,
				EBBBF63D280E35CE00E73618 /* Enums.swift in Sources */,
				EBBBF609280E15D800E73618 /* SceneDelegate.swift in Sources */,
				EBBBF649280EF0F000E73618 /* TelaPrincipalEventosModel.swift in Sources */,
				EBBBF643280EE51F00E73618 /* Extensions.swift in Sources */,
			);
			runOnlyForDeploymentPostprocessing = 0;
		};
		EBBBF615280E15DD00E73618 /* Sources */ = {
			isa = PBXSourcesBuildPhase;
			buildActionMask = 2147483647;
			files = (
				EBBBF61E280E15DD00E73618 /* Aplicativo_Eventos___DesafioTests.swift in Sources */,
			);
			runOnlyForDeploymentPostprocessing = 0;
		};
		EBBBF61F280E15DD00E73618 /* Sources */ = {
			isa = PBXSourcesBuildPhase;
			buildActionMask = 2147483647;
			files = (
				EBBBF628280E15DD00E73618 /* Aplicativo_Eventos___DesafioUITests.swift in Sources */,
				EBBBF62A280E15DD00E73618 /* Aplicativo_Eventos___DesafioUITestsLaunchTests.swift in Sources */,
			);
			runOnlyForDeploymentPostprocessing = 0;
		};
/* End PBXSourcesBuildPhase section */

/* Begin PBXTargetDependency section */
		EBBBF61B280E15DD00E73618 /* PBXTargetDependency */ = {
			isa = PBXTargetDependency;
			target = EBBBF602280E15D800E73618 /* Aplicativo Eventos - Desafio */;
			targetProxy = EBBBF61A280E15DD00E73618 /* PBXContainerItemProxy */;
		};
		EBBBF625280E15DD00E73618 /* PBXTargetDependency */ = {
			isa = PBXTargetDependency;
			target = EBBBF602280E15D800E73618 /* Aplicativo Eventos - Desafio */;
			targetProxy = EBBBF624280E15DD00E73618 /* PBXContainerItemProxy */;
		};
/* End PBXTargetDependency section */

/* Begin PBXVariantGroup section */
		EBBBF60C280E15D800E73618 /* Main.storyboard */ = {
			isa = PBXVariantGroup;
			children = (
				EBBBF60D280E15D800E73618 /* Base */,
			);
			name = Main.storyboard;
			sourceTree = "<group>";
		};
		EBBBF611280E15DC00E73618 /* LaunchScreen.storyboard */ = {
			isa = PBXVariantGroup;
			children = (
				EBBBF612280E15DC00E73618 /* Base */,
			);
			name = LaunchScreen.storyboard;
			sourceTree = "<group>";
		};
/* End PBXVariantGroup section */

/* Begin XCBuildConfiguration section */
		EBBBF62B280E15DD00E73618 /* Debug */ = {
			isa = XCBuildConfiguration;
			buildSettings = {
				ALWAYS_SEARCH_USER_PATHS = NO;
				CLANG_ANALYZER_NONNULL = YES;
				CLANG_ANALYZER_NUMBER_OBJECT_CONVERSION = YES_AGGRESSIVE;
				CLANG_CXX_LANGUAGE_STANDARD = "gnu++17";
				CLANG_ENABLE_MODULES = YES;
				CLANG_ENABLE_OBJC_ARC = YES;
				CLANG_ENABLE_OBJC_WEAK = YES;
				CLANG_WARN_BLOCK_CAPTURE_AUTORELEASING = YES;
				CLANG_WARN_BOOL_CONVERSION = YES;
				CLANG_WARN_COMMA = YES;
				CLANG_WARN_CONSTANT_CONVERSION = YES;
				CLANG_WARN_DEPRECATED_OBJC_IMPLEMENTATIONS = YES;
				CLANG_WARN_DIRECT_OBJC_ISA_USAGE = YES_ERROR;
				CLANG_WARN_DOCUMENTATION_COMMENTS = YES;
				CLANG_WARN_EMPTY_BODY = YES;
				CLANG_WARN_ENUM_CONVERSION = YES;
				CLANG_WARN_INFINITE_RECURSION = YES;
				CLANG_WARN_INT_CONVERSION = YES;
				CLANG_WARN_NON_LITERAL_NULL_CONVERSION = YES;
				CLANG_WARN_OBJC_IMPLICIT_RETAIN_SELF = YES;
				CLANG_WARN_OBJC_LITERAL_CONVERSION = YES;
				CLANG_WARN_OBJC_ROOT_CLASS = YES_ERROR;
				CLANG_WARN_QUOTED_INCLUDE_IN_FRAMEWORK_HEADER = YES;
				CLANG_WARN_RANGE_LOOP_ANALYSIS = YES;
				CLANG_WARN_STRICT_PROTOTYPES = YES;
				CLANG_WARN_SUSPICIOUS_MOVE = YES;
				CLANG_WARN_UNGUARDED_AVAILABILITY = YES_AGGRESSIVE;
				CLANG_WARN_UNREACHABLE_CODE = YES;
				CLANG_WARN__DUPLICATE_METHOD_MATCH = YES;
				COPY_PHASE_STRIP = NO;
				DEBUG_INFORMATION_FORMAT = dwarf;
				ENABLE_STRICT_OBJC_MSGSEND = YES;
				ENABLE_TESTABILITY = YES;
				GCC_C_LANGUAGE_STANDARD = gnu11;
				GCC_DYNAMIC_NO_PIC = NO;
				GCC_NO_COMMON_BLOCKS = YES;
				GCC_OPTIMIZATION_LEVEL = 0;
				GCC_PREPROCESSOR_DEFINITIONS = (
					"DEBUG=1",
					"$(inherited)",
				);
				GCC_WARN_64_TO_32_BIT_CONVERSION = YES;
				GCC_WARN_ABOUT_RETURN_TYPE = YES_ERROR;
				GCC_WARN_UNDECLARED_SELECTOR = YES;
				GCC_WARN_UNINITIALIZED_AUTOS = YES_AGGRESSIVE;
				GCC_WARN_UNUSED_FUNCTION = YES;
				GCC_WARN_UNUSED_VARIABLE = YES;
				IPHONEOS_DEPLOYMENT_TARGET = 15.4;
				MTL_ENABLE_DEBUG_INFO = INCLUDE_SOURCE;
				MTL_FAST_MATH = YES;
				ONLY_ACTIVE_ARCH = YES;
				SDKROOT = iphoneos;
				SWIFT_ACTIVE_COMPILATION_CONDITIONS = DEBUG;
				SWIFT_OPTIMIZATION_LEVEL = "-Onone";
			};
			name = Debug;
		};
		EBBBF62C280E15DD00E73618 /* Release */ = {
			isa = XCBuildConfiguration;
			buildSettings = {
				ALWAYS_SEARCH_USER_PATHS = NO;
				CLANG_ANALYZER_NONNULL = YES;
				CLANG_ANALYZER_NUMBER_OBJECT_CONVERSION = YES_AGGRESSIVE;
				CLANG_CXX_LANGUAGE_STANDARD = "gnu++17";
				CLANG_ENABLE_MODULES = YES;
				CLANG_ENABLE_OBJC_ARC = YES;
				CLANG_ENABLE_OBJC_WEAK = YES;
				CLANG_WARN_BLOCK_CAPTURE_AUTORELEASING = YES;
				CLANG_WARN_BOOL_CONVERSION = YES;
				CLANG_WARN_COMMA = YES;
				CLANG_WARN_CONSTANT_CONVERSION = YES;
				CLANG_WARN_DEPRECATED_OBJC_IMPLEMENTATIONS = YES;
				CLANG_WARN_DIRECT_OBJC_ISA_USAGE = YES_ERROR;
				CLANG_WARN_DOCUMENTATION_COMMENTS = YES;
				CLANG_WARN_EMPTY_BODY = YES;
				CLANG_WARN_ENUM_CONVERSION = YES;
				CLANG_WARN_INFINITE_RECURSION = YES;
				CLANG_WARN_INT_CONVERSION = YES;
				CLANG_WARN_NON_LITERAL_NULL_CONVERSION = YES;
				CLANG_WARN_OBJC_IMPLICIT_RETAIN_SELF = YES;
				CLANG_WARN_OBJC_LITERAL_CONVERSION = YES;
				CLANG_WARN_OBJC_ROOT_CLASS = YES_ERROR;
				CLANG_WARN_QUOTED_INCLUDE_IN_FRAMEWORK_HEADER = YES;
				CLANG_WARN_RANGE_LOOP_ANALYSIS = YES;
				CLANG_WARN_STRICT_PROTOTYPES = YES;
				CLANG_WARN_SUSPICIOUS_MOVE = YES;
				CLANG_WARN_UNGUARDED_AVAILABILITY = YES_AGGRESSIVE;
				CLANG_WARN_UNREACHABLE_CODE = YES;
				CLANG_WARN__DUPLICATE_METHOD_MATCH = YES;
				COPY_PHASE_STRIP = NO;
				DEBUG_INFORMATION_FORMAT = "dwarf-with-dsym";
				ENABLE_NS_ASSERTIONS = NO;
				ENABLE_STRICT_OBJC_MSGSEND = YES;
				GCC_C_LANGUAGE_STANDARD = gnu11;
				GCC_NO_COMMON_BLOCKS = YES;
				GCC_WARN_64_TO_32_BIT_CONVERSION = YES;
				GCC_WARN_ABOUT_RETURN_TYPE = YES_ERROR;
				GCC_WARN_UNDECLARED_SELECTOR = YES;
				GCC_WARN_UNINITIALIZED_AUTOS = YES_AGGRESSIVE;
				GCC_WARN_UNUSED_FUNCTION = YES;
				GCC_WARN_UNUSED_VARIABLE = YES;
				IPHONEOS_DEPLOYMENT_TARGET = 15.4;
				MTL_ENABLE_DEBUG_INFO = NO;
				MTL_FAST_MATH = YES;
				SDKROOT = iphoneos;
				SWIFT_COMPILATION_MODE = wholemodule;
				SWIFT_OPTIMIZATION_LEVEL = "-O";
				VALIDATE_PRODUCT = YES;
			};
			name = Release;
		};
		EBBBF62E280E15DD00E73618 /* Debug */ = {
			isa = XCBuildConfiguration;
			baseConfigurationReference = 01C3CC7098A217E8CA6C26B2 /* Pods-Aplicativo Eventos - Desafio.debug.xcconfig */;
			buildSettings = {
				ASSETCATALOG_COMPILER_APPICON_NAME = AppIcon;
				ASSETCATALOG_COMPILER_GLOBAL_ACCENT_COLOR_NAME = AccentColor;
				CODE_SIGN_STYLE = Automatic;
				CURRENT_PROJECT_VERSION = 1;
				GENERATE_INFOPLIST_FILE = YES;
				INFOPLIST_FILE = "Aplicativo Eventos - Desafio/Info.plist";
				INFOPLIST_KEY_UIApplicationSupportsIndirectInputEvents = YES;
				INFOPLIST_KEY_UILaunchStoryboardName = LaunchScreen;
				INFOPLIST_KEY_UISupportedInterfaceOrientations_iPad = "UIInterfaceOrientationPortrait UIInterfaceOrientationPortraitUpsideDown UIInterfaceOrientationLandscapeLeft UIInterfaceOrientationLandscapeRight";
				INFOPLIST_KEY_UISupportedInterfaceOrientations_iPhone = "UIInterfaceOrientationPortrait UIInterfaceOrientationLandscapeLeft UIInterfaceOrientationLandscapeRight";
				IPHONEOS_DEPLOYMENT_TARGET = 15.4;
				LD_RUNPATH_SEARCH_PATHS = (
					"$(inherited)",
					"@executable_path/Frameworks",
				);
				MARKETING_VERSION = 1.0;
				PRODUCT_BUNDLE_IDENTIFIER = "com.amiramaythe.Aplicativo-Eventos---Desafio";
				PRODUCT_NAME = "$(TARGET_NAME)";
				SWIFT_EMIT_LOC_STRINGS = YES;
				SWIFT_VERSION = 5.0;
				TARGETED_DEVICE_FAMILY = "1,2";
			};
			name = Debug;
		};
		EBBBF62F280E15DD00E73618 /* Release */ = {
			isa = XCBuildConfiguration;
			baseConfigurationReference = CF13F886D809C39CD60C4CEB /* Pods-Aplicativo Eventos - Desafio.release.xcconfig */;
			buildSettings = {
				ASSETCATALOG_COMPILER_APPICON_NAME = AppIcon;
				ASSETCATALOG_COMPILER_GLOBAL_ACCENT_COLOR_NAME = AccentColor;
				CODE_SIGN_STYLE = Automatic;
				CURRENT_PROJECT_VERSION = 1;
				GENERATE_INFOPLIST_FILE = YES;
				INFOPLIST_FILE = "Aplicativo Eventos - Desafio/Info.plist";
				INFOPLIST_KEY_UIApplicationSupportsIndirectInputEvents = YES;
				INFOPLIST_KEY_UILaunchStoryboardName = LaunchScreen;
				INFOPLIST_KEY_UISupportedInterfaceOrientations_iPad = "UIInterfaceOrientationPortrait UIInterfaceOrientationPortraitUpsideDown UIInterfaceOrientationLandscapeLeft UIInterfaceOrientationLandscapeRight";
				INFOPLIST_KEY_UISupportedInterfaceOrientations_iPhone = "UIInterfaceOrientationPortrait UIInterfaceOrientationLandscapeLeft UIInterfaceOrientationLandscapeRight";
				IPHONEOS_DEPLOYMENT_TARGET = 15.4;
				LD_RUNPATH_SEARCH_PATHS = (
					"$(inherited)",
					"@executable_path/Frameworks",
				);
				MARKETING_VERSION = 1.0;
				PRODUCT_BUNDLE_IDENTIFIER = "com.amiramaythe.Aplicativo-Eventos---Desafio";
				PRODUCT_NAME = "$(TARGET_NAME)";
				SWIFT_EMIT_LOC_STRINGS = YES;
				SWIFT_VERSION = 5.0;
				TARGETED_DEVICE_FAMILY = "1,2";
			};
			name = Release;
		};
		EBBBF631280E15DD00E73618 /* Debug */ = {
			isa = XCBuildConfiguration;
			baseConfigurationReference = 2AB3454133C5194EB1BC27C1 /* Pods-Aplicativo Eventos - DesafioTests.debug.xcconfig */;
			buildSettings = {
				ALWAYS_EMBED_SWIFT_STANDARD_LIBRARIES = YES;
				BUNDLE_LOADER = "$(TEST_HOST)";
				CODE_SIGN_STYLE = Automatic;
				CURRENT_PROJECT_VERSION = 1;
				GENERATE_INFOPLIST_FILE = YES;
				IPHONEOS_DEPLOYMENT_TARGET = 15.4;
				MARKETING_VERSION = 1.0;
				PRODUCT_BUNDLE_IDENTIFIER = "com.amiramaythe.Aplicativo-Eventos---DesafioTests";
				PRODUCT_NAME = "$(TARGET_NAME)";
				SWIFT_EMIT_LOC_STRINGS = NO;
				SWIFT_VERSION = 5.0;
				TARGETED_DEVICE_FAMILY = "1,2";
				TEST_HOST = "$(BUILT_PRODUCTS_DIR)/Aplicativo Eventos - Desafio.app/Aplicativo Eventos - Desafio";
			};
			name = Debug;
		};
		EBBBF632280E15DD00E73618 /* Release */ = {
			isa = XCBuildConfiguration;
			baseConfigurationReference = 25CD608E5A8E374DFA818085 /* Pods-Aplicativo Eventos - DesafioTests.release.xcconfig */;
			buildSettings = {
				ALWAYS_EMBED_SWIFT_STANDARD_LIBRARIES = YES;
				BUNDLE_LOADER = "$(TEST_HOST)";
				CODE_SIGN_STYLE = Automatic;
				CURRENT_PROJECT_VERSION = 1;
				GENERATE_INFOPLIST_FILE = YES;
				IPHONEOS_DEPLOYMENT_TARGET = 15.4;
				MARKETING_VERSION = 1.0;
				PRODUCT_BUNDLE_IDENTIFIER = "com.amiramaythe.Aplicativo-Eventos---DesafioTests";
				PRODUCT_NAME = "$(TARGET_NAME)";
				SWIFT_EMIT_LOC_STRINGS = NO;
				SWIFT_VERSION = 5.0;
				TARGETED_DEVICE_FAMILY = "1,2";
				TEST_HOST = "$(BUILT_PRODUCTS_DIR)/Aplicativo Eventos - Desafio.app/Aplicativo Eventos - Desafio";
			};
			name = Release;
		};
		EBBBF634280E15DD00E73618 /* Debug */ = {
			isa = XCBuildConfiguration;
			baseConfigurationReference = 870455BFF9A9E3CD888C5369 /* Pods-Aplicativo Eventos - Desafio-Aplicativo Eventos - DesafioUITests.debug.xcconfig */;
			buildSettings = {
				ALWAYS_EMBED_SWIFT_STANDARD_LIBRARIES = YES;
				CODE_SIGN_STYLE = Automatic;
				CURRENT_PROJECT_VERSION = 1;
				GENERATE_INFOPLIST_FILE = YES;
				MARKETING_VERSION = 1.0;
				PRODUCT_BUNDLE_IDENTIFIER = "com.amiramaythe.Aplicativo-Eventos---DesafioUITests";
				PRODUCT_NAME = "$(TARGET_NAME)";
				SWIFT_EMIT_LOC_STRINGS = NO;
				SWIFT_VERSION = 5.0;
				TARGETED_DEVICE_FAMILY = "1,2";
				TEST_TARGET_NAME = "Aplicativo Eventos - Desafio";
			};
			name = Debug;
		};
		EBBBF635280E15DD00E73618 /* Release */ = {
			isa = XCBuildConfiguration;
			baseConfigurationReference = 9B1569EDC33E92A7B97925DC /* Pods-Aplicativo Eventos - Desafio-Aplicativo Eventos - DesafioUITests.release.xcconfig */;
			buildSettings = {
				ALWAYS_EMBED_SWIFT_STANDARD_LIBRARIES = YES;
				CODE_SIGN_STYLE = Automatic;
				CURRENT_PROJECT_VERSION = 1;
				GENERATE_INFOPLIST_FILE = YES;
				MARKETING_VERSION = 1.0;
				PRODUCT_BUNDLE_IDENTIFIER = "com.amiramaythe.Aplicativo-Eventos---DesafioUITests";
				PRODUCT_NAME = "$(TARGET_NAME)";
				SWIFT_EMIT_LOC_STRINGS = NO;
				SWIFT_VERSION = 5.0;
				TARGETED_DEVICE_FAMILY = "1,2";
				TEST_TARGET_NAME = "Aplicativo Eventos - Desafio";
			};
			name = Release;
		};
/* End XCBuildConfiguration section */

/* Begin XCConfigurationList section */
		EBBBF5FE280E15D800E73618 /* Build configuration list for PBXProject "Aplicativo Eventos - Desafio" */ = {
			isa = XCConfigurationList;
			buildConfigurations = (
				EBBBF62B280E15DD00E73618 /* Debug */,
				EBBBF62C280E15DD00E73618 /* Release */,
			);
			defaultConfigurationIsVisible = 0;
			defaultConfigurationName = Release;
		};
		EBBBF62D280E15DD00E73618 /* Build configuration list for PBXNativeTarget "Aplicativo Eventos - Desafio" */ = {
			isa = XCConfigurationList;
			buildConfigurations = (
				EBBBF62E280E15DD00E73618 /* Debug */,
				EBBBF62F280E15DD00E73618 /* Release */,
			);
			defaultConfigurationIsVisible = 0;
			defaultConfigurationName = Release;
		};
		EBBBF630280E15DD00E73618 /* Build configuration list for PBXNativeTarget "Aplicativo Eventos - DesafioTests" */ = {
			isa = XCConfigurationList;
			buildConfigurations = (
				EBBBF631280E15DD00E73618 /* Debug */,
				EBBBF632280E15DD00E73618 /* Release */,
			);
			defaultConfigurationIsVisible = 0;
			defaultConfigurationName = Release;
		};
		EBBBF633280E15DD00E73618 /* Build configuration list for PBXNativeTarget "Aplicativo Eventos - DesafioUITests" */ = {
			isa = XCConfigurationList;
			buildConfigurations = (
				EBBBF634280E15DD00E73618 /* Debug */,
				EBBBF635280E15DD00E73618 /* Release */,
			);
			defaultConfigurationIsVisible = 0;
			defaultConfigurationName = Release;
		};
/* End XCConfigurationList section */
	};
	rootObject = EBBBF5FB280E15D800E73618 /* Project object */;
}
